
Microsoft Visual Studio Solution File, Format Version 12.00
# Visual Studio Version 17
VisualStudioVersion = 17.4.33213.308
MinimumVisualStudioVersion = 10.0.40219.1
Project("{FAE04EC0-301F-11D3-BF4B-00C04F79EFBC}") = "n00000001Assignment1", "n00000001Assignment1\n00000001Assignment1.csproj", "{1F94C31D-00DA-49B0-BEA2-77783EE98FD3}"
EndProject
Global
	GlobalSection(SolutionConfigurationPlatforms) = preSolution
		Debug|Any CPU = Debug|Any CPU
		Release|Any CPU = Release|Any CPU
	EndGlobalSection
	GlobalSection(ProjectConfigurationPlatforms) = postSolution
		{1F94C31D-00DA-49B0-BEA2-77783EE98FD3}.Debug|Any CPU.ActiveCfg = Debug|Any CPU
		{1F94C31D-00DA-49B0-BEA2-77783EE98FD3}.Debug|Any CPU.Build.0 = Debug|Any CPU
		{1F94C31D-00DA-49B0-BEA2-77783EE98FD3}.Release|Any CPU.ActiveCfg = Release|Any CPU
		{1F94C31D-00DA-49B0-BEA2-77783EE98FD3}.Release|Any CPU.Build.0 = Release|Any CPU
	EndGlobalSection
	GlobalSection(SolutionProperties) = preSolution
		HideSolutionNode = FALSE
	EndGlobalSection
	GlobalSection(ExtensibilityGlobals) = postSolution
		SolutionGuid = {5ABD73E6-DF32-4D26-8700-67AB452E2AE2}
	EndGlobalSection
EndGlobal
